
Microsoft Visual Studio Solution File, Format Version 12.00
# Visual Studio Version 17
VisualStudioVersion = 17.0.31512.422
MinimumVisualStudioVersion = 10.0.40219.1
Project("{FAE04EC0-301F-11D3-BF4B-00C04F79EFBC}") = "PrompterMax", "PrompterMax\PrompterMax.csproj", "{65C5B323-314E-464B-A3F0-0777B6296A70}"
EndProject
Project("{FAE04EC0-301F-11D3-BF4B-00C04F79EFBC}") = "Utilities", "Utilities\Utilities.csproj", "{2DC7A187-B3FB-4281-9F57-317EC10983DF}"
EndProject
Global
	GlobalSection(SolutionConfigurationPlatforms) = preSolution
		Debug|Any CPU = Debug|Any CPU
		Release|Any CPU = Release|Any CPU
	EndGlobalSection
	GlobalSection(ProjectConfigurationPlatforms) = postSolution
		{65C5B323-314E-464B-A3F0-0777B6296A70}.Debug|Any CPU.ActiveCfg = Debug|Any CPU
		{65C5B323-314E-464B-A3F0-0777B6296A70}.Debug|Any CPU.Build.0 = Debug|Any CPU
		{65C5B323-314E-464B-A3F0-0777B6296A70}.Release|Any CPU.ActiveCfg = Release|Any CPU
		{65C5B323-314E-464B-A3F0-0777B6296A70}.Release|Any CPU.Build.0 = Release|Any CPU
		{2DC7A187-B3FB-4281-9F57-317EC10983DF}.Debug|Any CPU.ActiveCfg = Debug|Any CPU
		{2DC7A187-B3FB-4281-9F57-317EC10983DF}.Debug|Any CPU.Build.0 = Debug|Any CPU
		{2DC7A187-B3FB-4281-9F57-317EC10983DF}.Release|Any CPU.ActiveCfg = Release|Any CPU
		{2DC7A187-B3FB-4281-9F57-317EC10983DF}.Release|Any CPU.Build.0 = Release|Any CPU
	EndGlobalSection
	GlobalSection(SolutionProperties) = preSolution
		HideSolutionNode = FALSE
	EndGlobalSection
	GlobalSection(ExtensibilityGlobals) = postSolution
		SolutionGuid = {4938AA49-0DF9-4E3A-B82F-500071786F3E}
	EndGlobalSection
EndGlobal
